
Microsoft Visual Studio Solution File, Format Version 12.00
# Visual Studio Version 17
VisualStudioVersion = 17.9.34728.123
MinimumVisualStudioVersion = 10.0.40219.1
Project("{FAE04EC0-301F-11D3-BF4B-00C04F79EFBC}") = "Presentacion", "Presentacion\Presentacion.csproj", "{6BA3C97E-9832-4165-8F1C-DFD4E744CE9C}"
EndProject
Project("{FAE04EC0-301F-11D3-BF4B-00C04F79EFBC}") = "Entity", "Entity\Entity.csproj", "{6633258B-795F-48DD-9E30-15861891CF12}"
EndProject
Project("{FAE04EC0-301F-11D3-BF4B-00C04F79EFBC}") = "BLL", "BLL\BLL.csproj", "{551EAFA5-60D1-49D0-A73D-517A5152FD99}"
EndProject
Project("{FAE04EC0-301F-11D3-BF4B-00C04F79EFBC}") = "DAL", "DAL\DAL.csproj", "{20407E47-C6C3-46F4-9BD2-74B0F1358B0E}"
EndProject
Global
	GlobalSection(SolutionConfigurationPlatforms) = preSolution
		Debug|Any CPU = Debug|Any CPU
		Release|Any CPU = Release|Any CPU
	EndGlobalSection
	GlobalSection(ProjectConfigurationPlatforms) = postSolution
		{6BA3C97E-9832-4165-8F1C-DFD4E744CE9C}.Debug|Any CPU.ActiveCfg = Debug|Any CPU
		{6BA3C97E-9832-4165-8F1C-DFD4E744CE9C}.Debug|Any CPU.Build.0 = Debug|Any CPU
		{6BA3C97E-9832-4165-8F1C-DFD4E744CE9C}.Release|Any CPU.ActiveCfg = Release|Any CPU
		{6BA3C97E-9832-4165-8F1C-DFD4E744CE9C}.Release|Any CPU.Build.0 = Release|Any CPU
		{6633258B-795F-48DD-9E30-15861891CF12}.Debug|Any CPU.ActiveCfg = Debug|Any CPU
		{6633258B-795F-48DD-9E30-15861891CF12}.Debug|Any CPU.Build.0 = Debug|Any CPU
		{6633258B-795F-48DD-9E30-15861891CF12}.Release|Any CPU.ActiveCfg = Release|Any CPU
		{6633258B-795F-48DD-9E30-15861891CF12}.Release|Any CPU.Build.0 = Release|Any CPU
		{551EAFA5-60D1-49D0-A73D-517A5152FD99}.Debug|Any CPU.ActiveCfg = Debug|Any CPU
		{551EAFA5-60D1-49D0-A73D-517A5152FD99}.Debug|Any CPU.Build.0 = Debug|Any CPU
		{551EAFA5-60D1-49D0-A73D-517A5152FD99}.Release|Any CPU.ActiveCfg = Release|Any CPU
		{551EAFA5-60D1-49D0-A73D-517A5152FD99}.Release|Any CPU.Build.0 = Release|Any CPU
		{20407E47-C6C3-46F4-9BD2-74B0F1358B0E}.Debug|Any CPU.ActiveCfg = Debug|Any CPU
		{20407E47-C6C3-46F4-9BD2-74B0F1358B0E}.Debug|Any CPU.Build.0 = Debug|Any CPU
		{20407E47-C6C3-46F4-9BD2-74B0F1358B0E}.Release|Any CPU.ActiveCfg = Release|Any CPU
		{20407E47-C6C3-46F4-9BD2-74B0F1358B0E}.Release|Any CPU.Build.0 = Release|Any CPU
	EndGlobalSection
	GlobalSection(SolutionProperties) = preSolution
		HideSolutionNode = FALSE
	EndGlobalSection
	GlobalSection(ExtensibilityGlobals) = postSolution
		SolutionGuid = {0226E389-D61B-4392-8C56-6AAD8CE92499}
	EndGlobalSection
EndGlobal
